<Solution>
  <Configurations>
    <Platform Name="Any CPU" />
    <Platform Name="x64" />
    <Platform Name="x86" />
  </Configurations>
  <Folder Name="/src/">
    <Project Path="src/Backend.Business/Backend.Business.csproj" />
    <Project Path="src/Backend.Data/Backend.Data.csproj" />
    <Project Path="src/Backend/Backend.csproj" />
  </Folder>
  <Folder Name="/tests/">
    <Project Path="tests/Backend.Tests/Backend.Tests.csproj" />
  </Folder>
</Solution>
